{
  "version": 4,
  "terraform_version": "1.5.0",
  "serial": 7,
  "lineage": "d127c15c-7e63-48b2-8511-5dbfebd044c5",
  "outputs": {},
  "resources": [
    {
      "mode": "managed",
      "type": "azurerm_service_plan",
      "name": "asp-1",
      "provider": "provider[\"registry.terraform.io/hashicorp/azurerm\"]",
      "instances": [
        {
          "schema_version": 0,
          "attributes": {
            "app_service_environment_id": "",
            "id": "/subscriptions/ffc0ca9a-338c-4e3e-84c6-ab8f58bb82c0/resourceGroups/harshitjain04/providers/Microsoft.Web/serverfarms/basic-asp",
            "kind": "app",
            "location": "eastus",
            "maximum_elastic_worker_count": 1,
            "name": "basic-asp",
            "os_type": "Windows",
            "per_site_scaling_enabled": false,
            "reserved": false,
            "resource_group_name": "harshitjain04",
            "sku_name": "B1",
            "tags": {},
            "timeouts": null,
            "worker_count": 1
          },
          "sensitive_attributes": [],
          "private": "eyJlMmJmYjczMC1lY2FhLTExZTYtOGY4OC0zNDM2M2JjN2M0YzAiOnsiY3JlYXRlIjozNjAwMDAwMDAwMDAwLCJkZWxldGUiOjM2MDAwMDAwMDAwMDAsInJlYWQiOjMwMDAwMDAwMDAwMCwidXBkYXRlIjozNjAwMDAwMDAwMDAwfX0="
        }
      ]
    },
    {
      "mode": "managed",
      "type": "azurerm_windows_web_app",
      "name": "mywebserver",
      "provider": "provider[\"registry.terraform.io/hashicorp/azurerm\"]",
      "instances": [
        {
          "schema_version": 0,
          "attributes": {
            "app_settings": null,
            "auth_settings": [
              {
                "active_directory": [],
                "additional_login_parameters": {},
                "allowed_external_redirect_urls": [],
                "default_provider": "",
                "enabled": false,
                "facebook": [],
                "github": [],
                "google": [],
                "issuer": "",
                "microsoft": [],
                "runtime_version": "",
                "token_refresh_extension_hours": 0,
                "token_store_enabled": false,
                "twitter": [],
                "unauthenticated_client_action": ""
              }
            ],
            "backup": [],
            "client_affinity_enabled": false,
            "client_certificate_enabled": false,
            "client_certificate_mode": "Required",
            "connection_string": [],
            "custom_domain_verification_id": "80FFEBE24B77E724C266E28E5D2BC4D17CB9C90F1315742087CFDD15B3B45513",
            "default_hostname": "mywebapp1091.azurewebsites.net",
            "enabled": true,
            "https_only": false,
            "id": "/subscriptions/ffc0ca9a-338c-4e3e-84c6-ab8f58bb82c0/resourceGroups/harshitjain04/providers/Microsoft.Web/sites/mywebapp1091",
            "identity": [],
            "key_vault_reference_identity_id": "SystemAssigned",
            "kind": "app",
            "location": "eastus",
            "logs": [],
            "name": "mywebapp1091",
            "outbound_ip_address_list": [
              "20.121.181.240",
              "20.237.73.136",
              "20.237.77.229",
              "20.237.78.22",
              "20.85.132.26",
              "20.237.78.25",
              "20.119.0.21"
            ],
            "outbound_ip_addresses": "20.121.181.240,20.237.73.136,20.237.77.229,20.237.78.22,20.85.132.26,20.237.78.25,20.119.0.21",
            "possible_outbound_ip_address_list": [
              "20.121.181.240",
              "20.237.73.136",
              "20.237.77.229",
              "20.237.78.22",
              "20.85.132.26",
              "20.237.78.25",
              "20.237.78.68",
              "20.237.78.102",
              "20.237.78.127",
              "20.121.183.254",
              "20.237.78.248",
              "20.237.79.6",
              "20.237.79.37",
              "20.121.180.135",
              "20.237.79.40",
              "20.237.79.69",
              "20.237.79.144",
              "20.246.200.103",
              "20.237.73.35",
              "20.246.200.115",
              "20.246.200.123",
              "20.246.200.189",
              "20.246.201.37",
              "20.81.102.206",
              "20.81.102.207",
              "20.81.103.133",
              "20.121.177.162",
              "20.121.177.163",
              "20.237.72.228",
              "20.237.73.69",
              "20.119.0.21"
            ],
            "possible_outbound_ip_addresses": "20.121.181.240,20.237.73.136,20.237.77.229,20.237.78.22,20.85.132.26,20.237.78.25,20.237.78.68,20.237.78.102,20.237.78.127,20.121.183.254,20.237.78.248,20.237.79.6,20.237.79.37,20.121.180.135,20.237.79.40,20.237.79.69,20.237.79.144,20.246.200.103,20.237.73.35,20.246.200.115,20.246.200.123,20.246.200.189,20.246.201.37,20.81.102.206,20.81.102.207,20.81.103.133,20.121.177.162,20.121.177.163,20.237.72.228,20.237.73.69,20.119.0.21",
            "resource_group_name": "harshitjain04",
            "service_plan_id": "/subscriptions/ffc0ca9a-338c-4e3e-84c6-ab8f58bb82c0/resourceGroups/harshitjain04/providers/Microsoft.Web/serverfarms/basic-asp",
            "site_config": [
              {
                "always_on": true,
                "api_definition_url": "",
                "api_management_api_id": "",
                "app_command_line": "",
                "application_stack": [
                  {
                    "current_stack": "",
                    "docker_container_name": "",
                    "docker_container_registry": "",
                    "docker_container_tag": "",
                    "dotnet_version": "v5.0",
                    "java_container": "",
                    "java_container_version": "",
                    "java_version": "",
                    "node_version": "",
                    "php_version": "",
                    "python_version": ""
                  }
                ],
                "auto_heal_enabled": false,
                "auto_heal_setting": [],
                "container_registry_managed_identity_client_id": "",
                "container_registry_use_managed_identity": false,
                "cors": [],
                "default_documents": [
                  "Default.htm",
                  "Default.html",
                  "Default.asp",
                  "index.htm",
                  "index.html",
                  "iisstart.htm",
                  "default.aspx",
                  "index.php",
                  "hostingstart.html"
                ],
                "detailed_error_logging_enabled": false,
                "ftps_state": "Disabled",
                "health_check_eviction_time_in_min": 0,
                "health_check_path": "",
                "http2_enabled": false,
                "ip_restriction": [],
                "linux_fx_version": "",
                "load_balancing_mode": "LeastRequests",
                "local_mysql_enabled": false,
                "managed_pipeline_mode": "Integrated",
                "minimum_tls_version": "1.2",
                "remote_debugging_enabled": false,
                "remote_debugging_version": "VS2019",
                "scm_ip_restriction": [],
                "scm_minimum_tls_version": "1.2",
                "scm_type": "None",
                "scm_use_main_ip_restriction": false,
                "use_32_bit_worker": true,
                "virtual_application": [],
                "vnet_route_all_enabled": false,
                "websockets_enabled": false,
                "windows_fx_version": "",
                "worker_count": 1
              }
            ],
            "site_credential": [
              {
                "name": "$mywebapp1091",
                "password": "CM1BBmwesprk1bAMgjQviG7HArs9XxcPK41sv4922gulv1kF3xT6pNnbtWev"
              }
            ],
            "storage_account": [],
            "tags": null,
            "timeouts": null
          },
          "sensitive_attributes": [],
          "private": "eyJlMmJmYjczMC1lY2FhLTExZTYtOGY4OC0zNDM2M2JjN2M0YzAiOnsiY3JlYXRlIjoxODAwMDAwMDAwMDAwLCJkZWxldGUiOjE4MDAwMDAwMDAwMDAsInJlYWQiOjMwMDAwMDAwMDAwMCwidXBkYXRlIjoxODAwMDAwMDAwMDAwfX0=",
          "dependencies": [
            "azurerm_service_plan.asp-1"
          ]
        }
      ]
    }
  ],
  "check_results": null
}
